// !$*UTF8*$!
{
	archiveVersion = 1;
	classes = {
	};
	objectVersion = 50;
	objects = {

/* Begin PBXBuildFile section */
		BE6D551C24B77D9B00081D5A /* AppDelegate.swift in Sources */ = {isa = PBXBuildFile; fileRef = BE6D551B24B77D9B00081D5A /* AppDelegate.swift */; };
		BE6D551E24B77D9B00081D5A /* SceneDelegate.swift in Sources */ = {isa = PBXBuildFile; fileRef = BE6D551D24B77D9B00081D5A /* SceneDelegate.swift */; };
		BE6D552024B77D9B00081D5A /* ViewController.swift in Sources */ = {isa = PBXBuildFile; fileRef = BE6D551F24B77D9B00081D5A /* ViewController.swift */; };
		BE6D552324B77D9B00081D5A /* Main.storyboard in Resources */ = {isa = PBXBuildFile; fileRef = BE6D552124B77D9B00081D5A /* Main.storyboard */; };
		BE6D552524B77D9E00081D5A /* Assets.xcassets in Resources */ = {isa = PBXBuildFile; fileRef = BE6D552424B77D9E00081D5A /* Assets.xcassets */; };
		BE6D552824B77D9E00081D5A /* LaunchScreen.storyboard in Resources */ = {isa = PBXBuildFile; fileRef = BE6D552624B77D9E00081D5A /* LaunchScreen.storyboard */; };
/* End PBXBuildFile section */

/* Begin PBXFileReference section */
		BE6D551824B77D9B00081D5A /* fourthApp.app */ = {isa = PBXFileReference; explicitFileType = wrapper.application; includeInIndex = 0; path = fourthApp.app; sourceTree = BUILT_PRODUCTS_DIR; };
		BE6D551B24B77D9B00081D5A /* AppDelegate.swift */ = {isa = PBXFileReference; lastKnownFileType = sourcecode.swift; path = AppDelegate.swift; sourceTree = "<group>"; };
		BE6D551D24B77D9B00081D5A /* SceneDelegate.swift */ = {isa = PBXFileReference; lastKnownFileType = sourcecode.swift; path = SceneDelegate.swift; sourceTree = "<group>"; };
		BE6D551F24B77D9B00081D5A /* ViewController.swift */ = {isa = PBXFileReference; lastKnownFileType = sourcecode.swift; path = ViewController.swift; sourceTree = "<group>"; };
		BE6D552224B77D9B00081D5A /* Base */ = {isa = PBXFileReference; lastKnownFileType = file.storyboard; name = Base; path = Base.lproj/Main.storyboard; sourceTree = "<group>"; };
		BE6D552424B77D9E00081D5A /* Assets.xcassets */ = {isa = PBXFileReference; lastKnownFileType = folder.assetcatalog; path = Assets.xcassets; sourceTree = "<group>"; };
		BE6D552724B77D9E00081D5A /* Base */ = {isa = PBXFileReference; lastKnownFileType = file.storyboard; name = Base; path = Base.lproj/LaunchScreen.storyboard; sourceTree = "<group>"; };
		BE6D552924B77D9E00081D5A /* Info.plist */ = {isa = PBXFileReference; lastKnownFileType = text.plist.xml; path = Info.plist; sourceTree = "<group>"; };
/* End PBXFileReference section */

/* Begin PBXFrameworksBuildPhase section */
		BE6D551524B77D9B00081D5A /* Frameworks */ = {
			isa = PBXFrameworksBuildPhase;
			buildActionMask = 2147483647;
			files = (
			);
			runOnlyForDeploymentPostprocessing = 0;
		};
/* End PBXFrameworksBuildPhase section */

/* Begin PBXGroup section */
		BE6D550F24B77D9B00081D5A = {
			isa = PBXGroup;
			children = (
				BE6D551A24B77D9B00081D5A /* fourthApp */,
				BE6D551924B77D9B00081D5A /* Products */,
			);
			sourceTree = "<group>";
		};
		BE6D551924B77D9B00081D5A /* Products */ = {
			isa = PBXGroup;
			children = (
				BE6D551824B77D9B00081D5A /* fourthApp.app */,
			);
			name = Products;
			sourceTree = "<group>";
		};
		BE6D551A24B77D9B00081D5A /* fourthApp */ = {
			isa = PBXGroup;
			children = (
				BE6D551B24B77D9B00081D5A /* AppDelegate.swift */,
				BE6D551D24B77D9B00081D5A /* SceneDelegate.swift */,
				BE6D551F24B77D9B00081D5A /* ViewController.swift */,
				BE6D552124B77D9B00081D5A /* Main.storyboard */,
				BE6D552424B77D9E00081D5A /* Assets.xcassets */,
				BE6D552624B77D9E00081D5A /* LaunchScreen.storyboard */,
				BE6D552924B77D9E00081D5A /* Info.plist */,
			);
			path = fourthApp;
			sourceTree = "<group>";
		};
/* End PBXGroup section */

/* Begin PBXNativeTarget section */
		BE6D551724B77D9B00081D5A /* fourthApp */ = {
			isa = PBXNativeTarget;
			buildConfigurationList = BE6D552C24B77D9E00081D5A /* Build configuration list for PBXNativeTarget "fourthApp" */;
			buildPhases = (
				BE6D551424B77D9B00081D5A /* Sources */,
				BE6D551524B77D9B00081D5A /* Frameworks */,
				BE6D551624B77D9B00081D5A /* Resources */,
			);
			buildRules = (
			);
			dependencies = (
			);
			name = fourthApp;
			productName = fourthApp;
			productReference = BE6D551824B77D9B00081D5A /* fourthApp.app */;
			productType = "com.apple.product-type.application";
		};
/* End PBXNativeTarget section */

/* Begin PBXProject section */
		BE6D551024B77D9B00081D5A /* Project object */ = {
			isa = PBXProject;
			attributes = {
				LastSwiftUpdateCheck = 1150;
				LastUpgradeCheck = 1150;
				ORGANIZATIONNAME = Ruchit;
				TargetAttributes = {
					BE6D551724B77D9B00081D5A = {
						CreatedOnToolsVersion = 11.5;
					};
				};
			};
			buildConfigurationList = BE6D551324B77D9B00081D5A /* Build configuration list for PBXProject "fourthApp" */;
			compatibilityVersion = "Xcode 9.3";
			developmentRegion = en;
			hasScannedForEncodings = 0;
			knownRegions = (
				en,
				Base,
			);
			mainGroup = BE6D550F24B77D9B00081D5A;
			productRefGroup = BE6D551924B77D9B00081D5A /* Products */;
			projectDirPath = "";
			projectRoot = "";
			targets = (
				BE6D551724B77D9B00081D5A /* fourthApp */,
			);
		};
/* End PBXProject section */

/* Begin PBXResourcesBuildPhase section */
		BE6D551624B77D9B00081D5A /* Resources */ = {
			isa = PBXResourcesBuildPhase;
			buildActionMask = 2147483647;
			files = (
				BE6D552824B77D9E00081D5A /* LaunchScreen.storyboard in Resources */,
				BE6D552524B77D9E00081D5A /* Assets.xcassets in Resources */,
				BE6D552324B77D9B00081D5A /* Main.storyboard in Resources */,
			);
			runOnlyForDeploymentPostprocessing = 0;
		};
/* End PBXResourcesBuildPhase section */

/* Begin PBXSourcesBuildPhase section */
		BE6D551424B77D9B00081D5A /* Sources */ = {
			isa = PBXSourcesBuildPhase;
			buildActionMask = 2147483647;
			files = (
				BE6D552024B77D9B00081D5A /* ViewController.swift in Sources */,
				BE6D551C24B77D9B00081D5A /* AppDelegate.swift in Sources */,
				BE6D551E24B77D9B00081D5A /* SceneDelegate.swift in Sources */,
			);
			runOnlyForDeploymentPostprocessing = 0;
		};
/* End PBXSourcesBuildPhase section */

/* Begin PBXVariantGroup section */
		BE6D552124B77D9B00081D5A /* Main.storyboard */ = {
			isa = PBXVariantGroup;
			children = (
				BE6D552224B77D9B00081D5A /* Base */,
			);
			name = Main.storyboard;
			sourceTree = "<group>";
		};
		BE6D552624B77D9E00081D5A /* LaunchScreen.storyboard */ = {
			isa = PBXVariantGroup;
			children = (
				BE6D552724B77D9E00081D5A /* Base */,
			);
			name = LaunchScreen.storyboard;
			sourceTree = "<group>";
		};
/* End PBXVariantGroup section */

/* Begin XCBuildConfiguration section */
		BE6D552A24B77D9E00081D5A /* Debug */ = {
			isa = XCBuildConfiguration;
			buildSettings = {
				ALWAYS_SEARCH_USER_PATHS = NO;
				CLANG_ANALYZER_NONNULL = YES;
				CLANG_ANALYZER_NUMBER_OBJECT_CONVERSION = YES_AGGRESSIVE;
				CLANG_CXX_LANGUAGE_STANDARD = "gnu++14";
				CLANG_CXX_LIBRARY = "libc++";
				CLANG_ENABLE_MODULES = YES;
				CLANG_ENABLE_OBJC_ARC = YES;
				CLANG_ENABLE_OBJC_WEAK = YES;
				CLANG_WARN_BLOCK_CAPTURE_AUTORELEASING = YES;
				CLANG_WARN_BOOL_CONVERSION = YES;
				CLANG_WARN_COMMA = YES;
				CLANG_WARN_CONSTANT_CONVERSION = YES;
				CLANG_WARN_DEPRECATED_OBJC_IMPLEMENTATIONS = YES;
				CLANG_WARN_DIRECT_OBJC_ISA_USAGE = YES_ERROR;
				CLANG_WARN_DOCUMENTATION_COMMENTS = YES;
				CLANG_WARN_EMPTY_BODY = YES;
				CLANG_WARN_ENUM_CONVERSION = YES;
				CLANG_WARN_INFINITE_RECURSION = YES;
				CLANG_WARN_INT_CONVERSION = YES;
				CLANG_WARN_NON_LITERAL_NULL_CONVERSION = YES;
				CLANG_WARN_OBJC_IMPLICIT_RETAIN_SELF = YES;
				CLANG_WARN_OBJC_LITERAL_CONVERSION = YES;
				CLANG_WARN_OBJC_ROOT_CLASS = YES_ERROR;
				CLANG_WARN_RANGE_LOOP_ANALYSIS = YES;
				CLANG_WARN_STRICT_PROTOTYPES = YES;
				CLANG_WARN_SUSPICIOUS_MOVE = YES;
				CLANG_WARN_UNGUARDED_AVAILABILITY = YES_AGGRESSIVE;
				CLANG_WARN_UNREACHABLE_CODE = YES;
				CLANG_WARN__DUPLICATE_METHOD_MATCH = YES;
				COPY_PHASE_STRIP = NO;
				DEBUG_INFORMATION_FORMAT = dwarf;
				ENABLE_STRICT_OBJC_MSGSEND = YES;
				ENABLE_TESTABILITY = YES;
				GCC_C_LANGUAGE_STANDARD = gnu11;
				GCC_DYNAMIC_NO_PIC = NO;
				GCC_NO_COMMON_BLOCKS = YES;
				GCC_OPTIMIZATION_LEVEL = 0;
				GCC_PREPROCESSOR_DEFINITIONS = (
					"DEBUG=1",
					"$(inherited)",
				);
				GCC_WARN_64_TO_32_BIT_CONVERSION = YES;
				GCC_WARN_ABOUT_RETURN_TYPE = YES_ERROR;
				GCC_WARN_UNDECLARED_SELECTOR = YES;
				GCC_WARN_UNINITIALIZED_AUTOS = YES_AGGRESSIVE;
				GCC_WARN_UNUSED_FUNCTION = YES;
				GCC_WARN_UNUSED_VARIABLE = YES;
				IPHONEOS_DEPLOYMENT_TARGET = 13.5;
				MTL_ENABLE_DEBUG_INFO = INCLUDE_SOURCE;
				MTL_FAST_MATH = YES;
				ONLY_ACTIVE_ARCH = YES;
				SDKROOT = iphoneos;
				SWIFT_ACTIVE_COMPILATION_CONDITIONS = DEBUG;
				SWIFT_OPTIMIZATION_LEVEL = "-Onone";
			};
			name = Debug;
		};
		BE6D552B24B77D9E00081D5A /* Release */ = {
			isa = XCBuildConfiguration;
			buildSettings = {
				ALWAYS_SEARCH_USER_PATHS = NO;
				CLANG_ANALYZER_NONNULL = YES;
				CLANG_ANALYZER_NUMBER_OBJECT_CONVERSION = YES_AGGRESSIVE;
				CLANG_CXX_LANGUAGE_STANDARD = "gnu++14";
				CLANG_CXX_LIBRARY = "libc++";
				CLANG_ENABLE_MODULES = YES;
				CLANG_ENABLE_OBJC_ARC = YES;
				CLANG_ENABLE_OBJC_WEAK = YES;
				CLANG_WARN_BLOCK_CAPTURE_AUTORELEASING = YES;
				CLANG_WARN_BOOL_CONVERSION = YES;
				CLANG_WARN_COMMA = YES;
				CLANG_WARN_CONSTANT_CONVERSION = YES;
				CLANG_WARN_DEPRECATED_OBJC_IMPLEMENTATIONS = YES;
				CLANG_WARN_DIRECT_OBJC_ISA_USAGE = YES_ERROR;
				CLANG_WARN_DOCUMENTATION_COMMENTS = YES;
				CLANG_WARN_EMPTY_BODY = YES;
				CLANG_WARN_ENUM_CONVERSION = YES;
				CLANG_WARN_INFINITE_RECURSION = YES;
				CLANG_WARN_INT_CONVERSION = YES;
				CLANG_WARN_NON_LITERAL_NULL_CONVERSION = YES;
				CLANG_WARN_OBJC_IMPLICIT_RETAIN_SELF = YES;
				CLANG_WARN_OBJC_LITERAL_CONVERSION = YES;
				CLANG_WARN_OBJC_ROOT_CLASS = YES_ERROR;
				CLANG_WARN_RANGE_LOOP_ANALYSIS = YES;
				CLANG_WARN_STRICT_PROTOTYPES = YES;
				CLANG_WARN_SUSPICIOUS_MOVE = YES;
				CLANG_WARN_UNGUARDED_AVAILABILITY = YES_AGGRESSIVE;
				CLANG_WARN_UNREACHABLE_CODE = YES;
				CLANG_WARN__DUPLICATE_METHOD_MATCH = YES;
				COPY_PHASE_STRIP = NO;
				DEBUG_INFORMATION_FORMAT = "dwarf-with-dsym";
				ENABLE_NS_ASSERTIONS = NO;
				ENABLE_STRICT_OBJC_MSGSEND = YES;
				GCC_C_LANGUAGE_STANDARD = gnu11;
				GCC_NO_COMMON_BLOCKS = YES;
				GCC_WARN_64_TO_32_BIT_CONVERSION = YES;
				GCC_WARN_ABOUT_RETURN_TYPE = YES_ERROR;
				GCC_WARN_UNDECLARED_SELECTOR = YES;
				GCC_WARN_UNINITIALIZED_AUTOS = YES_AGGRESSIVE;
				GCC_WARN_UNUSED_FUNCTION = YES;
				GCC_WARN_UNUSED_VARIABLE = YES;
				IPHONEOS_DEPLOYMENT_TARGET = 13.5;
				MTL_ENABLE_DEBUG_INFO = NO;
				MTL_FAST_MATH = YES;
				SDKROOT = iphoneos;
				SWIFT_COMPILATION_MODE = wholemodule;
				SWIFT_OPTIMIZATION_LEVEL = "-O";
				VALIDATE_PRODUCT = YES;
			};
			name = Release;
		};
		BE6D552D24B77D9E00081D5A /* Debug */ = {
			isa = XCBuildConfiguration;
			buildSettings = {
				ASSETCATALOG_COMPILER_APPICON_NAME = AppIcon;
				CODE_SIGN_STYLE = Automatic;
				DEVELOPMENT_TEAM = 6PPJ89DVVS;
				INFOPLIST_FILE = fourthApp/Info.plist;
				LD_RUNPATH_SEARCH_PATHS = (
					"$(inherited)",
					"@executable_path/Frameworks",
				);
				PRODUCT_BUNDLE_IDENTIFIER = Glazonoid.fourthApp;
				PRODUCT_NAME = "$(TARGET_NAME)";
				SWIFT_VERSION = 5.0;
				TARGETED_DEVICE_FAMILY = "1,2";
			};
			name = Debug;
		};
		BE6D552E24B77D9E00081D5A /* Release */ = {
			isa = XCBuildConfiguration;
			buildSettings = {
				ASSETCATALOG_COMPILER_APPICON_NAME = AppIcon;
				CODE_SIGN_STYLE = Automatic;
				DEVELOPMENT_TEAM = 6PPJ89DVVS;
				INFOPLIST_FILE = fourthApp/Info.plist;
				LD_RUNPATH_SEARCH_PATHS = (
					"$(inherited)",
					"@executable_path/Frameworks",
				);
				PRODUCT_BUNDLE_IDENTIFIER = Glazonoid.fourthApp;
				PRODUCT_NAME = "$(TARGET_NAME)";
				SWIFT_VERSION = 5.0;
				TARGETED_DEVICE_FAMILY = "1,2";
			};
			name = Release;
		};
/* End XCBuildConfiguration section */

/* Begin XCConfigurationList section */
		BE6D551324B77D9B00081D5A /* Build configuration list for PBXProject "fourthApp" */ = {
			isa = XCConfigurationList;
			buildConfigurations = (
				BE6D552A24B77D9E00081D5A /* Debug */,
				BE6D552B24B77D9E00081D5A /* Release */,
			);
			defaultConfigurationIsVisible = 0;
			defaultConfigurationName = Release;
		};
		BE6D552C24B77D9E00081D5A /* Build configuration list for PBXNativeTarget "fourthApp" */ = {
			isa = XCConfigurationList;
			buildConfigurations = (
				BE6D552D24B77D9E00081D5A /* Debug */,
				BE6D552E24B77D9E00081D5A /* Release */,
			);
			defaultConfigurationIsVisible = 0;
			defaultConfigurationName = Release;
		};
/* End XCConfigurationList section */
	};
	rootObject = BE6D551024B77D9B00081D5A /* Project object */;
}
